
Microsoft Visual Studio Solution File, Format Version 12.00
# Visual Studio 15
VisualStudioVersion = 15.0.26430.13
MinimumVisualStudioVersion = 10.0.40219.1
Project("{FAE04EC0-301F-11D3-BF4B-00C04F79EFBC}") = "IDPJobManager", "IDPJobManager\IDPJobManager.csproj", "{15C68529-2C93-4437-832B-53F4B8037F98}"
EndProject
Project("{FAE04EC0-301F-11D3-BF4B-00C04F79EFBC}") = "IDPJobManager.Core", "IDPJobManager.Core\IDPJobManager.Core.csproj", "{52285AFE-41D2-4179-B53E-A0B902E7C2F4}"
EndProject
Project("{FAE04EC0-301F-11D3-BF4B-00C04F79EFBC}") = "IDPJobManager.Web", "IDPJobManager.Web\IDPJobManager.Web.csproj", "{07B6F36F-BDC7-436E-87A2-6CA950F1EE92}"
EndProject
Project("{2150E333-8FDC-42A3-9474-1A3956D46DE8}") = "Tests", "Tests", "{304254DA-3A69-4284-8804-9CCD037E6329}"
EndProject
Project("{FAE04EC0-301F-11D3-BF4B-00C04F79EFBC}") = "IDPJobManager.Core.Test", "IDPJobManager.Core.Test\IDPJobManager.Core.Test.csproj", "{2E3DF5C2-8A38-4A03-86D7-8D463C917E47}"
EndProject
Project("{FAE04EC0-301F-11D3-BF4B-00C04F79EFBC}") = "IDPJobManager.Web.Test", "IDPJobManager.Web.Test\IDPJobManager.Web.Test.csproj", "{EF571E18-C988-42CB-B550-C3FEA0F94A5B}"
EndProject
Project("{2150E333-8FDC-42A3-9474-1A3956D46DE8}") = "Libs", "Libs", "{6655AFD1-AD78-447A-9170-CC7F74581CA6}"
EndProject
Project("{FAE04EC0-301F-11D3-BF4B-00C04F79EFBC}") = "IDPJobManager.Jobs", "IDPJobManager.Jobs\IDPJobManager.Jobs.csproj", "{95EE2DF2-8478-4104-86AA-D4888F657A02}"
EndProject
Project("{2150E333-8FDC-42A3-9474-1A3956D46DE8}") = "Jobs", "Jobs", "{8775F633-4765-4DF6-A952-06C983685800}"
EndProject
Project("{FAE04EC0-301F-11D3-BF4B-00C04F79EFBC}") = "Topshelf.Nancy", "Topshelf.Nancy\Topshelf.Nancy.csproj", "{E88EF622-49AA-4BC9-B56E-20989BD3468C}"
EndProject
Global
	GlobalSection(SolutionConfigurationPlatforms) = preSolution
		Debug|Any CPU = Debug|Any CPU
		Release|Any CPU = Release|Any CPU
	EndGlobalSection
	GlobalSection(ProjectConfigurationPlatforms) = postSolution
		{15C68529-2C93-4437-832B-53F4B8037F98}.Debug|Any CPU.ActiveCfg = Debug|Any CPU
		{15C68529-2C93-4437-832B-53F4B8037F98}.Debug|Any CPU.Build.0 = Debug|Any CPU
		{15C68529-2C93-4437-832B-53F4B8037F98}.Release|Any CPU.ActiveCfg = Release|Any CPU
		{15C68529-2C93-4437-832B-53F4B8037F98}.Release|Any CPU.Build.0 = Release|Any CPU
		{52285AFE-41D2-4179-B53E-A0B902E7C2F4}.Debug|Any CPU.ActiveCfg = Debug|Any CPU
		{52285AFE-41D2-4179-B53E-A0B902E7C2F4}.Debug|Any CPU.Build.0 = Debug|Any CPU
		{52285AFE-41D2-4179-B53E-A0B902E7C2F4}.Release|Any CPU.ActiveCfg = Release|Any CPU
		{52285AFE-41D2-4179-B53E-A0B902E7C2F4}.Release|Any CPU.Build.0 = Release|Any CPU
		{07B6F36F-BDC7-436E-87A2-6CA950F1EE92}.Debug|Any CPU.ActiveCfg = Debug|Any CPU
		{07B6F36F-BDC7-436E-87A2-6CA950F1EE92}.Debug|Any CPU.Build.0 = Debug|Any CPU
		{07B6F36F-BDC7-436E-87A2-6CA950F1EE92}.Release|Any CPU.ActiveCfg = Release|Any CPU
		{07B6F36F-BDC7-436E-87A2-6CA950F1EE92}.Release|Any CPU.Build.0 = Release|Any CPU
		{2E3DF5C2-8A38-4A03-86D7-8D463C917E47}.Debug|Any CPU.ActiveCfg = Debug|Any CPU
		{2E3DF5C2-8A38-4A03-86D7-8D463C917E47}.Debug|Any CPU.Build.0 = Debug|Any CPU
		{2E3DF5C2-8A38-4A03-86D7-8D463C917E47}.Release|Any CPU.ActiveCfg = Release|Any CPU
		{2E3DF5C2-8A38-4A03-86D7-8D463C917E47}.Release|Any CPU.Build.0 = Release|Any CPU
		{EF571E18-C988-42CB-B550-C3FEA0F94A5B}.Debug|Any CPU.ActiveCfg = Debug|Any CPU
		{EF571E18-C988-42CB-B550-C3FEA0F94A5B}.Debug|Any CPU.Build.0 = Debug|Any CPU
		{EF571E18-C988-42CB-B550-C3FEA0F94A5B}.Release|Any CPU.ActiveCfg = Release|Any CPU
		{EF571E18-C988-42CB-B550-C3FEA0F94A5B}.Release|Any CPU.Build.0 = Release|Any CPU
		{95EE2DF2-8478-4104-86AA-D4888F657A02}.Debug|Any CPU.ActiveCfg = Debug|Any CPU
		{95EE2DF2-8478-4104-86AA-D4888F657A02}.Debug|Any CPU.Build.0 = Debug|Any CPU
		{95EE2DF2-8478-4104-86AA-D4888F657A02}.Release|Any CPU.ActiveCfg = Release|Any CPU
		{95EE2DF2-8478-4104-86AA-D4888F657A02}.Release|Any CPU.Build.0 = Release|Any CPU
		{E88EF622-49AA-4BC9-B56E-20989BD3468C}.Debug|Any CPU.ActiveCfg = Debug|Any CPU
		{E88EF622-49AA-4BC9-B56E-20989BD3468C}.Debug|Any CPU.Build.0 = Debug|Any CPU
		{E88EF622-49AA-4BC9-B56E-20989BD3468C}.Release|Any CPU.ActiveCfg = Release|Any CPU
		{E88EF622-49AA-4BC9-B56E-20989BD3468C}.Release|Any CPU.Build.0 = Release|Any CPU
	EndGlobalSection
	GlobalSection(SolutionProperties) = preSolution
		HideSolutionNode = FALSE
	EndGlobalSection
	GlobalSection(NestedProjects) = preSolution
		{2E3DF5C2-8A38-4A03-86D7-8D463C917E47} = {304254DA-3A69-4284-8804-9CCD037E6329}
		{EF571E18-C988-42CB-B550-C3FEA0F94A5B} = {304254DA-3A69-4284-8804-9CCD037E6329}
		{E88EF622-49AA-4BC9-B56E-20989BD3468C} = {6655AFD1-AD78-447A-9170-CC7F74581CA6}
	EndGlobalSection
EndGlobal
